
Microsoft Visual Studio Solution File, Format Version 12.00
# Visual Studio 15
VisualStudioVersion = 15.0.28307.421
MinimumVisualStudioVersion = 10.0.40219.1
Project("{9092AA53-FB77-4645-B42D-1CCCA6BD08BD}") = "NodeWebApp", "NodeWebApp\NodeWebApp.njsproj", "{378EBE03-A0EE-48B4-9643-8CEA3DDE101D}"
EndProject
Global
	GlobalSection(SolutionConfigurationPlatforms) = preSolution
		Debug|Any CPU = Debug|Any CPU
		Release|Any CPU = Release|Any CPU
	EndGlobalSection
	GlobalSection(ProjectConfigurationPlatforms) = postSolution
		{378EBE03-A0EE-48B4-9643-8CEA3DDE101D}.Debug|Any CPU.ActiveCfg = Debug|Any CPU
		{378EBE03-A0EE-48B4-9643-8CEA3DDE101D}.Debug|Any CPU.Build.0 = Debug|Any CPU
		{378EBE03-A0EE-48B4-9643-8CEA3DDE101D}.Release|Any CPU.ActiveCfg = Release|Any CPU
		{378EBE03-A0EE-48B4-9643-8CEA3DDE101D}.Release|Any CPU.Build.0 = Release|Any CPU
	EndGlobalSection
	GlobalSection(SolutionProperties) = preSolution
		HideSolutionNode = FALSE
	EndGlobalSection
	GlobalSection(ExtensibilityGlobals) = postSolution
		SolutionGuid = {B58984E1-E41B-49C6-A153-8FD249C08639}
	EndGlobalSection
EndGlobal
